lockfileVersion: '9.0'

settings:
  autoInstallPeers: true
  excludeLinksFromLockfile: false

importers:

  .:
    devDependencies:
      '@cloudflare/workers-types':
        specifier: ^4.20241205.0
        version: 4.20260415.1
      typescript:
        specifier: ^6.0.2
        version: 6.0.2

packages:

  '@cloudflare/workers-types@4.20260415.1':
    resolution: {integrity: sha512-9sEq9cZzr4s075U/TfjvdSmiX+u2NMOAIcFcCfd24FDtPfR7Iw3SbuQxkcgtpx/Bvg0au9PmQ0ZJfBaIitG0gw==}

  typescript@6.0.2:
    resolution: {integrity: sha512-bGdAIrZ0wiGDo5l8c++HWtbaNCWTS4UTv7RaTH/ThVIgjkveJt83m74bBHMJkuCbslY8ixgLBVZJIOiQlQTjfQ==}
    engines: {node: '>=14.17'}
    hasBin: true

snapshots:

  '@cloudflare/workers-types@4.20260415.1': {}

  typescript@6.0.2: {}
